// !$*UTF8*$!
{
	archiveVersion = 1;
	classes = {
	};
	objectVersion = 55;
	objects = {

/* Begin PBXBuildFile section */
		864C69402A18B24300A8448F /* BannerCell.swift in Sources */ = {isa = PBXBuildFile; fileRef = 864C693F2A18B24300A8448F /* BannerCell.swift */; };
		86563A082A17BEFE00EE92F8 /* PaywallViewController.swift in Sources */ = {isa = PBXBuildFile; fileRef = 86563A072A17BEFE00EE92F8 /* PaywallViewController.swift */; };
		86563A0A2A17BFF900EE92F8 /* BannerInfo.swift in Sources */ = {isa = PBXBuildFile; fileRef = 86563A092A17BFF900EE92F8 /* BannerInfo.swift */; };
		866F4F5E2A13BD9B000CBD27 /* AppDelegate.swift in Sources */ = {isa = PBXBuildFile; fileRef = 866F4F5D2A13BD9B000CBD27 /* AppDelegate.swift */; };
		866F4F602A13BD9B000CBD27 /* SceneDelegate.swift in Sources */ = {isa = PBXBuildFile; fileRef = 866F4F5F2A13BD9B000CBD27 /* SceneDelegate.swift */; };
		866F4F652A13BD9B000CBD27 /* Main.storyboard in Resources */ = {isa = PBXBuildFile; fileRef = 866F4F632A13BD9B000CBD27 /* Main.storyboard */; };
		866F4F672A13BD9B000CBD27 /* Assets.xcassets in Resources */ = {isa = PBXBuildFile; fileRef = 866F4F662A13BD9B000CBD27 /* Assets.xcassets */; };
		866F4F6A2A13BD9B000CBD27 /* LaunchScreen.storyboard in Resources */ = {isa = PBXBuildFile; fileRef = 866F4F682A13BD9B000CBD27 /* LaunchScreen.storyboard */; };
/* End PBXBuildFile section */

/* Begin PBXFileReference section */
		864C693F2A18B24300A8448F /* BannerCell.swift */ = {isa = PBXFileReference; lastKnownFileType = sourcecode.swift; path = BannerCell.swift; sourceTree = "<group>"; };
		86563A072A17BEFE00EE92F8 /* PaywallViewController.swift */ = {isa = PBXFileReference; lastKnownFileType = sourcecode.swift; path = PaywallViewController.swift; sourceTree = "<group>"; };
		86563A092A17BFF900EE92F8 /* BannerInfo.swift */ = {isa = PBXFileReference; lastKnownFileType = sourcecode.swift; path = BannerInfo.swift; sourceTree = "<group>"; };
		866F4F5A2A13BD9B000CBD27 /* SpotifyPaywallPractice.app */ = {isa = PBXFileReference; explicitFileType = wrapper.application; includeInIndex = 0; path = SpotifyPaywallPractice.app; sourceTree = BUILT_PRODUCTS_DIR; };
		866F4F5D2A13BD9B000CBD27 /* AppDelegate.swift */ = {isa = PBXFileReference; lastKnownFileType = sourcecode.swift; path = AppDelegate.swift; sourceTree = "<group>"; };
		866F4F5F2A13BD9B000CBD27 /* SceneDelegate.swift */ = {isa = PBXFileReference; lastKnownFileType = sourcecode.swift; path = SceneDelegate.swift; sourceTree = "<group>"; };
		866F4F642A13BD9B000CBD27 /* Base */ = {isa = PBXFileReference; lastKnownFileType = file.storyboard; name = Base; path = Base.lproj/Main.storyboard; sourceTree = "<group>"; };
		866F4F662A13BD9B000CBD27 /* Assets.xcassets */ = {isa = PBXFileReference; lastKnownFileType = folder.assetcatalog; path = Assets.xcassets; sourceTree = "<group>"; };
		866F4F692A13BD9B000CBD27 /* Base */ = {isa = PBXFileReference; lastKnownFileType = file.storyboard; name = Base; path = Base.lproj/LaunchScreen.storyboard; sourceTree = "<group>"; };
		866F4F6B2A13BD9B000CBD27 /* Info.plist */ = {isa = PBXFileReference; lastKnownFileType = text.plist.xml; path = Info.plist; sourceTree = "<group>"; };
/* End PBXFileReference section */

/* Begin PBXFrameworksBuildPhase section */
		866F4F572A13BD9B000CBD27 /* Frameworks */ = {
			isa = PBXFrameworksBuildPhase;
			buildActionMask = 2147483647;
			files = (
			);
			runOnlyForDeploymentPostprocessing = 0;
		};
/* End PBXFrameworksBuildPhase section */

/* Begin PBXGroup section */
		866F4F512A13BD9B000CBD27 = {
			isa = PBXGroup;
			children = (
				866F4F5C2A13BD9B000CBD27 /* SpotifyPaywallPractice */,
				866F4F5B2A13BD9B000CBD27 /* Products */,
			);
			sourceTree = "<group>";
		};
		866F4F5B2A13BD9B000CBD27 /* Products */ = {
			isa = PBXGroup;
			children = (
				866F4F5A2A13BD9B000CBD27 /* SpotifyPaywallPractice.app */,
			);
			name = Products;
			sourceTree = "<group>";
		};
		866F4F5C2A13BD9B000CBD27 /* SpotifyPaywallPractice */ = {
			isa = PBXGroup;
			children = (
				866F4F5D2A13BD9B000CBD27 /* AppDelegate.swift */,
				866F4F5F2A13BD9B000CBD27 /* SceneDelegate.swift */,
				86563A072A17BEFE00EE92F8 /* PaywallViewController.swift */,
				866F4F632A13BD9B000CBD27 /* Main.storyboard */,
				864C693F2A18B24300A8448F /* BannerCell.swift */,
				86563A092A17BFF900EE92F8 /* BannerInfo.swift */,
				866F4F662A13BD9B000CBD27 /* Assets.xcassets */,
				866F4F682A13BD9B000CBD27 /* LaunchScreen.storyboard */,
				866F4F6B2A13BD9B000CBD27 /* Info.plist */,
			);
			path = SpotifyPaywallPractice;
			sourceTree = "<group>";
		};
/* End PBXGroup section */

/* Begin PBXNativeTarget section */
		866F4F592A13BD9B000CBD27 /* SpotifyPaywallPractice */ = {
			isa = PBXNativeTarget;
			buildConfigurationList = 866F4F6E2A13BD9B000CBD27 /* Build configuration list for PBXNativeTarget "SpotifyPaywallPractice" */;
			buildPhases = (
				866F4F562A13BD9B000CBD27 /* Sources */,
				866F4F572A13BD9B000CBD27 /* Frameworks */,
				866F4F582A13BD9B000CBD27 /* Resources */,
			);
			buildRules = (
			);
			dependencies = (
			);
			name = SpotifyPaywallPractice;
			productName = SpotifyPaywallPractice;
			productReference = 866F4F5A2A13BD9B000CBD27 /* SpotifyPaywallPractice.app */;
			productType = "com.apple.product-type.application";
		};
/* End PBXNativeTarget section */

/* Begin PBXProject section */
		866F4F522A13BD9B000CBD27 /* Project object */ = {
			isa = PBXProject;
			attributes = {
				BuildIndependentTargetsInParallel = 1;
				LastSwiftUpdateCheck = 1340;
				LastUpgradeCheck = 1340;
				TargetAttributes = {
					866F4F592A13BD9B000CBD27 = {
						CreatedOnToolsVersion = 13.4.1;
					};
				};
			};
			buildConfigurationList = 866F4F552A13BD9B000CBD27 /* Build configuration list for PBXProject "SpotifyPaywallPractice" */;
			compatibilityVersion = "Xcode 13.0";
			developmentRegion = en;
			hasScannedForEncodings = 0;
			knownRegions = (
				en,
				Base,
			);
			mainGroup = 866F4F512A13BD9B000CBD27;
			productRefGroup = 866F4F5B2A13BD9B000CBD27 /* Products */;
			projectDirPath = "";
			projectRoot = "";
			targets = (
				866F4F592A13BD9B000CBD27 /* SpotifyPaywallPractice */,
			);
		};
/* End PBXProject section */

/* Begin PBXResourcesBuildPhase section */
		866F4F582A13BD9B000CBD27 /* Resources */ = {
			isa = PBXResourcesBuildPhase;
			buildActionMask = 2147483647;
			files = (
				866F4F6A2A13BD9B000CBD27 /* LaunchScreen.storyboard in Resources */,
				866F4F672A13BD9B000CBD27 /* Assets.xcassets in Resources */,
				866F4F652A13BD9B000CBD27 /* Main.storyboard in Resources */,
			);
			runOnlyForDeploymentPostprocessing = 0;
		};
/* End PBXResourcesBuildPhase section */

/* Begin PBXSourcesBuildPhase section */
		866F4F562A13BD9B000CBD27 /* Sources */ = {
			isa = PBXSourcesBuildPhase;
			buildActionMask = 2147483647;
			files = (
				866F4F5E2A13BD9B000CBD27 /* AppDelegate.swift in Sources */,
				864C69402A18B24300A8448F /* BannerCell.swift in Sources */,
				86563A0A2A17BFF900EE92F8 /* BannerInfo.swift in Sources */,
				866F4F602A13BD9B000CBD27 /* SceneDelegate.swift in Sources */,
				86563A082A17BEFE00EE92F8 /* PaywallViewController.swift in Sources */,
			);
			runOnlyForDeploymentPostprocessing = 0;
		};
/* End PBXSourcesBuildPhase section */

/* Begin PBXVariantGroup section */
		866F4F632A13BD9B000CBD27 /* Main.storyboard */ = {
			isa = PBXVariantGroup;
			children = (
				866F4F642A13BD9B000CBD27 /* Base */,
			);
			name = Main.storyboard;
			sourceTree = "<group>";
		};
		866F4F682A13BD9B000CBD27 /* LaunchScreen.storyboard */ = {
			isa = PBXVariantGroup;
			children = (
				866F4F692A13BD9B000CBD27 /* Base */,
			);
			name = LaunchScreen.storyboard;
			sourceTree = "<group>";
		};
/* End PBXVariantGroup section */

/* Begin XCBuildConfiguration section */
		866F4F6C2A13BD9B000CBD27 /* Debug */ = {
			isa = XCBuildConfiguration;
			buildSettings = {
				ALWAYS_SEARCH_USER_PATHS = NO;
				CLANG_ANALYZER_NONNULL = YES;
				CLANG_ANALYZER_NUMBER_OBJECT_CONVERSION = YES_AGGRESSIVE;
				CLANG_CXX_LANGUAGE_STANDARD = "gnu++17";
				CLANG_ENABLE_MODULES = YES;
				CLANG_ENABLE_OBJC_ARC = YES;
				CLANG_ENABLE_OBJC_WEAK = YES;
				CLANG_WARN_BLOCK_CAPTURE_AUTORELEASING = YES;
				CLANG_WARN_BOOL_CONVERSION = YES;
				CLANG_WARN_COMMA = YES;
				CLANG_WARN_CONSTANT_CONVERSION = YES;
				CLANG_WARN_DEPRECATED_OBJC_IMPLEMENTATIONS = YES;
				CLANG_WARN_DIRECT_OBJC_ISA_USAGE = YES_ERROR;
				CLANG_WARN_DOCUMENTATION_COMMENTS = YES;
				CLANG_WARN_EMPTY_BODY = YES;
				CLANG_WARN_ENUM_CONVERSION = YES;
				CLANG_WARN_INFINITE_RECURSION = YES;
				CLANG_WARN_INT_CONVERSION = YES;
				CLANG_WARN_NON_LITERAL_NULL_CONVERSION = YES;
				CLANG_WARN_OBJC_IMPLICIT_RETAIN_SELF = YES;
				CLANG_WARN_OBJC_LITERAL_CONVERSION = YES;
				CLANG_WARN_OBJC_ROOT_CLASS = YES_ERROR;
				CLANG_WARN_QUOTED_INCLUDE_IN_FRAMEWORK_HEADER = YES;
				CLANG_WARN_RANGE_LOOP_ANALYSIS = YES;
				CLANG_WARN_STRICT_PROTOTYPES = YES;
				CLANG_WARN_SUSPICIOUS_MOVE = YES;
				CLANG_WARN_UNGUARDED_AVAILABILITY = YES_AGGRESSIVE;
				CLANG_WARN_UNREACHABLE_CODE = YES;
				CLANG_WARN__DUPLICATE_METHOD_MATCH = YES;
				COPY_PHASE_STRIP = NO;
				DEBUG_INFORMATION_FORMAT = dwarf;
				ENABLE_STRICT_OBJC_MSGSEND = YES;
				ENABLE_TESTABILITY = YES;
				GCC_C_LANGUAGE_STANDARD = gnu11;
				GCC_DYNAMIC_NO_PIC = NO;
				GCC_NO_COMMON_BLOCKS = YES;
				GCC_OPTIMIZATION_LEVEL = 0;
				GCC_PREPROCESSOR_DEFINITIONS = (
					"DEBUG=1",
					"$(inherited)",
				);
				GCC_WARN_64_TO_32_BIT_CONVERSION = YES;
				GCC_WARN_ABOUT_RETURN_TYPE = YES_ERROR;
				GCC_WARN_UNDECLARED_SELECTOR = YES;
				GCC_WARN_UNINITIALIZED_AUTOS = YES_AGGRESSIVE;
				GCC_WARN_UNUSED_FUNCTION = YES;
				GCC_WARN_UNUSED_VARIABLE = YES;
				IPHONEOS_DEPLOYMENT_TARGET = 15.5;
				MTL_ENABLE_DEBUG_INFO = INCLUDE_SOURCE;
				MTL_FAST_MATH = YES;
				ONLY_ACTIVE_ARCH = YES;
				SDKROOT = iphoneos;
				SWIFT_ACTIVE_COMPILATION_CONDITIONS = DEBUG;
				SWIFT_OPTIMIZATION_LEVEL = "-Onone";
			};
			name = Debug;
		};
		866F4F6D2A13BD9B000CBD27 /* Release */ = {
			isa = XCBuildConfiguration;
			buildSettings = {
				ALWAYS_SEARCH_USER_PATHS = NO;
				CLANG_ANALYZER_NONNULL = YES;
				CLANG_ANALYZER_NUMBER_OBJECT_CONVERSION = YES_AGGRESSIVE;
				CLANG_CXX_LANGUAGE_STANDARD = "gnu++17";
				CLANG_ENABLE_MODULES = YES;
				CLANG_ENABLE_OBJC_ARC = YES;
				CLANG_ENABLE_OBJC_WEAK = YES;
				CLANG_WARN_BLOCK_CAPTURE_AUTORELEASING = YES;
				CLANG_WARN_BOOL_CONVERSION = YES;
				CLANG_WARN_COMMA = YES;
				CLANG_WARN_CONSTANT_CONVERSION = YES;
				CLANG_WARN_DEPRECATED_OBJC_IMPLEMENTATIONS = YES;
				CLANG_WARN_DIRECT_OBJC_ISA_USAGE = YES_ERROR;
				CLANG_WARN_DOCUMENTATION_COMMENTS = YES;
				CLANG_WARN_EMPTY_BODY = YES;
				CLANG_WARN_ENUM_CONVERSION = YES;
				CLANG_WARN_INFINITE_RECURSION = YES;
				CLANG_WARN_INT_CONVERSION = YES;
				CLANG_WARN_NON_LITERAL_NULL_CONVERSION = YES;
				CLANG_WARN_OBJC_IMPLICIT_RETAIN_SELF = YES;
				CLANG_WARN_OBJC_LITERAL_CONVERSION = YES;
				CLANG_WARN_OBJC_ROOT_CLASS = YES_ERROR;
				CLANG_WARN_QUOTED_INCLUDE_IN_FRAMEWORK_HEADER = YES;
				CLANG_WARN_RANGE_LOOP_ANALYSIS = YES;
				CLANG_WARN_STRICT_PROTOTYPES = YES;
				CLANG_WARN_SUSPICIOUS_MOVE = YES;
				CLANG_WARN_UNGUARDED_AVAILABILITY = YES_AGGRESSIVE;
				CLANG_WARN_UNREACHABLE_CODE = YES;
				CLANG_WARN__DUPLICATE_METHOD_MATCH = YES;
				COPY_PHASE_STRIP = NO;
				DEBUG_INFORMATION_FORMAT = "dwarf-with-dsym";
				ENABLE_NS_ASSERTIONS = NO;
				ENABLE_STRICT_OBJC_MSGSEND = YES;
				GCC_C_LANGUAGE_STANDARD = gnu11;
				GCC_NO_COMMON_BLOCKS = YES;
				GCC_WARN_64_TO_32_BIT_CONVERSION = YES;
				GCC_WARN_ABOUT_RETURN_TYPE = YES_ERROR;
				GCC_WARN_UNDECLARED_SELECTOR = YES;
				GCC_WARN_UNINITIALIZED_AUTOS = YES_AGGRESSIVE;
				GCC_WARN_UNUSED_FUNCTION = YES;
				GCC_WARN_UNUSED_VARIABLE = YES;
				IPHONEOS_DEPLOYMENT_TARGET = 15.5;
				MTL_ENABLE_DEBUG_INFO = NO;
				MTL_FAST_MATH = YES;
				SDKROOT = iphoneos;
				SWIFT_COMPILATION_MODE = wholemodule;
				SWIFT_OPTIMIZATION_LEVEL = "-O";
				VALIDATE_PRODUCT = YES;
			};
			name = Release;
		};
		866F4F6F2A13BD9B000CBD27 /* Debug */ = {
			isa = XCBuildConfiguration;
			buildSettings = {
				ASSETCATALOG_COMPILER_APPICON_NAME = AppIcon;
				ASSETCATALOG_COMPILER_GLOBAL_ACCENT_COLOR_NAME = AccentColor;
				CODE_SIGN_STYLE = Automatic;
				CURRENT_PROJECT_VERSION = 1;
				DEVELOPMENT_TEAM = SC2M4P5Z8J;
				GENERATE_INFOPLIST_FILE = YES;
				INFOPLIST_FILE = SpotifyPaywallPractice/Info.plist;
				INFOPLIST_KEY_UIApplicationSupportsIndirectInputEvents = YES;
				INFOPLIST_KEY_UILaunchStoryboardName = LaunchScreen;
				INFOPLIST_KEY_UIMainStoryboardFile = Main;
				INFOPLIST_KEY_UISupportedInterfaceOrientations_iPad = "UIInterfaceOrientationPortrait UIInterfaceOrientationPortraitUpsideDown UIInterfaceOrientationLandscapeLeft UIInterfaceOrientationLandscapeRight";
				INFOPLIST_KEY_UISupportedInterfaceOrientations_iPhone = "UIInterfaceOrientationPortrait UIInterfaceOrientationLandscapeLeft UIInterfaceOrientationLandscapeRight";
				LD_RUNPATH_SEARCH_PATHS = (
					"$(inherited)",
					"@executable_path/Frameworks",
				);
				MARKETING_VERSION = 1.0;
				PRODUCT_BUNDLE_IDENTIFIER = com.torinunna.SpotifyPaywallPractice;
				PRODUCT_NAME = "$(TARGET_NAME)";
				SWIFT_EMIT_LOC_STRINGS = YES;
				SWIFT_VERSION = 5.0;
				TARGETED_DEVICE_FAMILY = "1,2";
			};
			name = Debug;
		};
		866F4F702A13BD9B000CBD27 /* Release */ = {
			isa = XCBuildConfiguration;
			buildSettings = {
				ASSETCATALOG_COMPILER_APPICON_NAME = AppIcon;
				ASSETCATALOG_COMPILER_GLOBAL_ACCENT_COLOR_NAME = AccentColor;
				CODE_SIGN_STYLE = Automatic;
				CURRENT_PROJECT_VERSION = 1;
				DEVELOPMENT_TEAM = SC2M4P5Z8J;
				GENERATE_INFOPLIST_FILE = YES;
				INFOPLIST_FILE = SpotifyPaywallPractice/Info.plist;
				INFOPLIST_KEY_UIApplicationSupportsIndirectInputEvents = YES;
				INFOPLIST_KEY_UILaunchStoryboardName = LaunchScreen;
				INFOPLIST_KEY_UIMainStoryboardFile = Main;
				INFOPLIST_KEY_UISupportedInterfaceOrientations_iPad = "UIInterfaceOrientationPortrait UIInterfaceOrientationPortraitUpsideDown UIInterfaceOrientationLandscapeLeft UIInterfaceOrientationLandscapeRight";
				INFOPLIST_KEY_UISupportedInterfaceOrientations_iPhone = "UIInterfaceOrientationPortrait UIInterfaceOrientationLandscapeLeft UIInterfaceOrientationLandscapeRight";
				LD_RUNPATH_SEARCH_PATHS = (
					"$(inherited)",
					"@executable_path/Frameworks",
				);
				MARKETING_VERSION = 1.0;
				PRODUCT_BUNDLE_IDENTIFIER = com.torinunna.SpotifyPaywallPractice;
				PRODUCT_NAME = "$(TARGET_NAME)";
				SWIFT_EMIT_LOC_STRINGS = YES;
				SWIFT_VERSION = 5.0;
				TARGETED_DEVICE_FAMILY = "1,2";
			};
			name = Release;
		};
/* End XCBuildConfiguration section */

/* Begin XCConfigurationList section */
		866F4F552A13BD9B000CBD27 /* Build configuration list for PBXProject "SpotifyPaywallPractice" */ = {
			isa = XCConfigurationList;
			buildConfigurations = (
				866F4F6C2A13BD9B000CBD27 /* Debug */,
				866F4F6D2A13BD9B000CBD27 /* Release */,
			);
			defaultConfigurationIsVisible = 0;
			defaultConfigurationName = Release;
		};
		866F4F6E2A13BD9B000CBD27 /* Build configuration list for PBXNativeTarget "SpotifyPaywallPractice" */ = {
			isa = XCConfigurationList;
			buildConfigurations = (
				866F4F6F2A13BD9B000CBD27 /* Debug */,
				866F4F702A13BD9B000CBD27 /* Release */,
			);
			defaultConfigurationIsVisible = 0;
			defaultConfigurationName = Release;
		};
/* End XCConfigurationList section */
	};
	rootObject = 866F4F522A13BD9B000CBD27 /* Project object */;
}
